
Microsoft Visual Studio Solution File, Format Version 12.00
# Visual Studio 15
VisualStudioVersion = 15.0.26730.16
MinimumVisualStudioVersion = 10.0.40219.1
Project("{8BC9CEB8-8B4A-11D0-8D11-00A0C91BC942}") = "01. Tailoring Workshop", "01. Tailoring Workshop\01. Tailoring Workshop.vcxproj", "{1C78FB7F-CFE1-4C55-9451-30A875812CE3}"
EndProject
Project("{8BC9CEB8-8B4A-11D0-8D11-00A0C91BC942}") = "02. Scholarship", "02. Scholarship\02. Scholarship.vcxproj", "{56FFAC0D-C682-40AF-89D9-2199A0B5D812}"
EndProject
Project("{8BC9CEB8-8B4A-11D0-8D11-00A0C91BC942}") = "03. Photo Pictures", "03. Photo Pictures\03. Photo Pictures.vcxproj", "{ECCA1BB2-EA9E-4DF5-8993-F0CF2671CF7F}"
EndProject
Project("{8BC9CEB8-8B4A-11D0-8D11-00A0C91BC942}") = "04. Cake", "04. Cake\04. Cake.vcxproj", "{7D71C381-88B3-4F2E-A343-67CBD606DCF4}"
EndProject
Project("{8BC9CEB8-8B4A-11D0-8D11-00A0C91BC942}") = "05. Snowflake", "05. Snowflake\05. Snowflake.vcxproj", "{CF1F7E16-99C9-4E49-A107-C2D5D28EC56A}"
EndProject
Project("{8BC9CEB8-8B4A-11D0-8D11-00A0C91BC942}") = "06. Profit", "06. Profit\06. Profit.vcxproj", "{09BAB6D0-A9A6-41FA-B9F1-4180404B7DBB}"
EndProject
Global
	GlobalSection(SolutionConfigurationPlatforms) = preSolution
		Debug|x64 = Debug|x64
		Debug|x86 = Debug|x86
		Release|x64 = Release|x64
		Release|x86 = Release|x86
	EndGlobalSection
	GlobalSection(ProjectConfigurationPlatforms) = postSolution
		{1C78FB7F-CFE1-4C55-9451-30A875812CE3}.Debug|x64.ActiveCfg = Debug|x64
		{1C78FB7F-CFE1-4C55-9451-30A875812CE3}.Debug|x64.Build.0 = Debug|x64
		{1C78FB7F-CFE1-4C55-9451-30A875812CE3}.Debug|x86.ActiveCfg = Debug|Win32
		{1C78FB7F-CFE1-4C55-9451-30A875812CE3}.Debug|x86.Build.0 = Debug|Win32
		{1C78FB7F-CFE1-4C55-9451-30A875812CE3}.Release|x64.ActiveCfg = Release|x64
		{1C78FB7F-CFE1-4C55-9451-30A875812CE3}.Release|x64.Build.0 = Release|x64
		{1C78FB7F-CFE1-4C55-9451-30A875812CE3}.Release|x86.ActiveCfg = Release|Win32
		{1C78FB7F-CFE1-4C55-9451-30A875812CE3}.Release|x86.Build.0 = Release|Win32
		{56FFAC0D-C682-40AF-89D9-2199A0B5D812}.Debug|x64.ActiveCfg = Debug|x64
		{56FFAC0D-C682-40AF-89D9-2199A0B5D812}.Debug|x64.Build.0 = Debug|x64
		{56FFAC0D-C682-40AF-89D9-2199A0B5D812}.Debug|x86.ActiveCfg = Debug|Win32
		{56FFAC0D-C682-40AF-89D9-2199A0B5D812}.Debug|x86.Build.0 = Debug|Win32
		{56FFAC0D-C682-40AF-89D9-2199A0B5D812}.Release|x64.ActiveCfg = Release|x64
		{56FFAC0D-C682-40AF-89D9-2199A0B5D812}.Release|x64.Build.0 = Release|x64
		{56FFAC0D-C682-40AF-89D9-2199A0B5D812}.Release|x86.ActiveCfg = Release|Win32
		{56FFAC0D-C682-40AF-89D9-2199A0B5D812}.Release|x86.Build.0 = Release|Win32
		{ECCA1BB2-EA9E-4DF5-8993-F0CF2671CF7F}.Debug|x64.ActiveCfg = Debug|x64
		{ECCA1BB2-EA9E-4DF5-8993-F0CF2671CF7F}.Debug|x64.Build.0 = Debug|x64
		{ECCA1BB2-EA9E-4DF5-8993-F0CF2671CF7F}.Debug|x86.ActiveCfg = Debug|Win32
		{ECCA1BB2-EA9E-4DF5-8993-F0CF2671CF7F}.Debug|x86.Build.0 = Debug|Win32
		{ECCA1BB2-EA9E-4DF5-8993-F0CF2671CF7F}.Release|x64.ActiveCfg = Release|x64
		{ECCA1BB2-EA9E-4DF5-8993-F0CF2671CF7F}.Release|x64.Build.0 = Release|x64
		{ECCA1BB2-EA9E-4DF5-8993-F0CF2671CF7F}.Release|x86.ActiveCfg = Release|Win32
		{ECCA1BB2-EA9E-4DF5-8993-F0CF2671CF7F}.Release|x86.Build.0 = Release|Win32
		{7D71C381-88B3-4F2E-A343-67CBD606DCF4}.Debug|x64.ActiveCfg = Debug|x64
		{7D71C381-88B3-4F2E-A343-67CBD606DCF4}.Debug|x64.Build.0 = Debug|x64
		{7D71C381-88B3-4F2E-A343-67CBD606DCF4}.Debug|x86.ActiveCfg = Debug|Win32
		{7D71C381-88B3-4F2E-A343-67CBD606DCF4}.Debug|x86.Build.0 = Debug|Win32
		{7D71C381-88B3-4F2E-A343-67CBD606DCF4}.Release|x64.ActiveCfg = Release|x64
		{7D71C381-88B3-4F2E-A343-67CBD606DCF4}.Release|x64.Build.0 = Release|x64
		{7D71C381-88B3-4F2E-A343-67CBD606DCF4}.Release|x86.ActiveCfg = Release|Win32
		{7D71C381-88B3-4F2E-A343-67CBD606DCF4}.Release|x86.Build.0 = Release|Win32
		{CF1F7E16-99C9-4E49-A107-C2D5D28EC56A}.Debug|x64.ActiveCfg = Debug|x64
		{CF1F7E16-99C9-4E49-A107-C2D5D28EC56A}.Debug|x64.Build.0 = Debug|x64
		{CF1F7E16-99C9-4E49-A107-C2D5D28EC56A}.Debug|x86.ActiveCfg = Debug|Win32
		{CF1F7E16-99C9-4E49-A107-C2D5D28EC56A}.Debug|x86.Build.0 = Debug|Win32
		{CF1F7E16-99C9-4E49-A107-C2D5D28EC56A}.Release|x64.ActiveCfg = Release|x64
		{CF1F7E16-99C9-4E49-A107-C2D5D28EC56A}.Release|x64.Build.0 = Release|x64
		{CF1F7E16-99C9-4E49-A107-C2D5D28EC56A}.Release|x86.ActiveCfg = Release|Win32
		{CF1F7E16-99C9-4E49-A107-C2D5D28EC56A}.Release|x86.Build.0 = Release|Win32
		{09BAB6D0-A9A6-41FA-B9F1-4180404B7DBB}.Debug|x64.ActiveCfg = Debug|x64
		{09BAB6D0-A9A6-41FA-B9F1-4180404B7DBB}.Debug|x64.Build.0 = Debug|x64
		{09BAB6D0-A9A6-41FA-B9F1-4180404B7DBB}.Debug|x86.ActiveCfg = Debug|Win32
		{09BAB6D0-A9A6-41FA-B9F1-4180404B7DBB}.Debug|x86.Build.0 = Debug|Win32
		{09BAB6D0-A9A6-41FA-B9F1-4180404B7DBB}.Release|x64.ActiveCfg = Release|x64
		{09BAB6D0-A9A6-41FA-B9F1-4180404B7DBB}.Release|x64.Build.0 = Release|x64
		{09BAB6D0-A9A6-41FA-B9F1-4180404B7DBB}.Release|x86.ActiveCfg = Release|Win32
		{09BAB6D0-A9A6-41FA-B9F1-4180404B7DBB}.Release|x86.Build.0 = Release|Win32
	EndGlobalSection
	GlobalSection(SolutionProperties) = preSolution
		HideSolutionNode = FALSE
	EndGlobalSection
	GlobalSection(ExtensibilityGlobals) = postSolution
		SolutionGuid = {79C4225E-CC05-4C25-9DEC-A070F1172A5C}
	EndGlobalSection
EndGlobal
