
Microsoft Visual Studio Solution File, Format Version 12.00
# Visual Studio 15
VisualStudioVersion = 15.0.26730.12
MinimumVisualStudioVersion = 10.0.40219.1
Project("{8BC9CEB8-8B4A-11D0-8D11-00A0C91BC942}") = "01. Hello, C++", "01. Hello, C++\01. Hello, C++.vcxproj", "{01A48C39-BE0E-44B4-BBD8-3139FBF6CB83}"
EndProject
Project("{8BC9CEB8-8B4A-11D0-8D11-00A0C91BC942}") = "02. Expression", "02. Expression\02. Expression.vcxproj", "{B897C8E8-0773-4F58-BB43-CDE0D21C7492}"
EndProject
Project("{8BC9CEB8-8B4A-11D0-8D11-00A0C91BC942}") = "03. Nums 1...20", "03. Nums 1...20\03. Nums 1...20.vcxproj", "{6CD1244C-D9D5-4667-8951-78FE2ACEADA9}"
EndProject
Project("{8BC9CEB8-8B4A-11D0-8D11-00A0C91BC942}") = "04. Triangle of 55 Stars", "04. Triangle of 55 Stars\04. Triangle of 55 Stars.vcxproj", "{BF23C120-C31E-41D1-A84A-1DBC34BBA80B}"
EndProject
Project("{8BC9CEB8-8B4A-11D0-8D11-00A0C91BC942}") = "05. Rectangle Area", "05. Rectangle Area\05. Rectangle Area.vcxproj", "{C790728E-70C8-495B-9234-78BA1A37060A}"
EndProject
Project("{8BC9CEB8-8B4A-11D0-8D11-00A0C91BC942}") = "06. Square of Stars", "06. Square of Stars\06. Square of Stars.vcxproj", "{E9E5BEE0-9753-4424-91C9-074D1D145B6B}"
EndProject
Global
	GlobalSection(SolutionConfigurationPlatforms) = preSolution
		Debug|x64 = Debug|x64
		Debug|x86 = Debug|x86
		Release|x64 = Release|x64
		Release|x86 = Release|x86
	EndGlobalSection
	GlobalSection(ProjectConfigurationPlatforms) = postSolution
		{01A48C39-BE0E-44B4-BBD8-3139FBF6CB83}.Debug|x64.ActiveCfg = Debug|x64
		{01A48C39-BE0E-44B4-BBD8-3139FBF6CB83}.Debug|x64.Build.0 = Debug|x64
		{01A48C39-BE0E-44B4-BBD8-3139FBF6CB83}.Debug|x86.ActiveCfg = Debug|Win32
		{01A48C39-BE0E-44B4-BBD8-3139FBF6CB83}.Debug|x86.Build.0 = Debug|Win32
		{01A48C39-BE0E-44B4-BBD8-3139FBF6CB83}.Release|x64.ActiveCfg = Release|x64
		{01A48C39-BE0E-44B4-BBD8-3139FBF6CB83}.Release|x64.Build.0 = Release|x64
		{01A48C39-BE0E-44B4-BBD8-3139FBF6CB83}.Release|x86.ActiveCfg = Release|Win32
		{01A48C39-BE0E-44B4-BBD8-3139FBF6CB83}.Release|x86.Build.0 = Release|Win32
		{B897C8E8-0773-4F58-BB43-CDE0D21C7492}.Debug|x64.ActiveCfg = Debug|x64
		{B897C8E8-0773-4F58-BB43-CDE0D21C7492}.Debug|x64.Build.0 = Debug|x64
		{B897C8E8-0773-4F58-BB43-CDE0D21C7492}.Debug|x86.ActiveCfg = Debug|Win32
		{B897C8E8-0773-4F58-BB43-CDE0D21C7492}.Debug|x86.Build.0 = Debug|Win32
		{B897C8E8-0773-4F58-BB43-CDE0D21C7492}.Release|x64.ActiveCfg = Release|x64
		{B897C8E8-0773-4F58-BB43-CDE0D21C7492}.Release|x64.Build.0 = Release|x64
		{B897C8E8-0773-4F58-BB43-CDE0D21C7492}.Release|x86.ActiveCfg = Release|Win32
		{B897C8E8-0773-4F58-BB43-CDE0D21C7492}.Release|x86.Build.0 = Release|Win32
		{6CD1244C-D9D5-4667-8951-78FE2ACEADA9}.Debug|x64.ActiveCfg = Debug|x64
		{6CD1244C-D9D5-4667-8951-78FE2ACEADA9}.Debug|x64.Build.0 = Debug|x64
		{6CD1244C-D9D5-4667-8951-78FE2ACEADA9}.Debug|x86.ActiveCfg = Debug|Win32
		{6CD1244C-D9D5-4667-8951-78FE2ACEADA9}.Debug|x86.Build.0 = Debug|Win32
		{6CD1244C-D9D5-4667-8951-78FE2ACEADA9}.Release|x64.ActiveCfg = Release|x64
		{6CD1244C-D9D5-4667-8951-78FE2ACEADA9}.Release|x64.Build.0 = Release|x64
		{6CD1244C-D9D5-4667-8951-78FE2ACEADA9}.Release|x86.ActiveCfg = Release|Win32
		{6CD1244C-D9D5-4667-8951-78FE2ACEADA9}.Release|x86.Build.0 = Release|Win32
		{BF23C120-C31E-41D1-A84A-1DBC34BBA80B}.Debug|x64.ActiveCfg = Debug|x64
		{BF23C120-C31E-41D1-A84A-1DBC34BBA80B}.Debug|x64.Build.0 = Debug|x64
		{BF23C120-C31E-41D1-A84A-1DBC34BBA80B}.Debug|x86.ActiveCfg = Debug|Win32
		{BF23C120-C31E-41D1-A84A-1DBC34BBA80B}.Debug|x86.Build.0 = Debug|Win32
		{BF23C120-C31E-41D1-A84A-1DBC34BBA80B}.Release|x64.ActiveCfg = Release|x64
		{BF23C120-C31E-41D1-A84A-1DBC34BBA80B}.Release|x64.Build.0 = Release|x64
		{BF23C120-C31E-41D1-A84A-1DBC34BBA80B}.Release|x86.ActiveCfg = Release|Win32
		{BF23C120-C31E-41D1-A84A-1DBC34BBA80B}.Release|x86.Build.0 = Release|Win32
		{C790728E-70C8-495B-9234-78BA1A37060A}.Debug|x64.ActiveCfg = Debug|x64
		{C790728E-70C8-495B-9234-78BA1A37060A}.Debug|x64.Build.0 = Debug|x64
		{C790728E-70C8-495B-9234-78BA1A37060A}.Debug|x86.ActiveCfg = Debug|Win32
		{C790728E-70C8-495B-9234-78BA1A37060A}.Debug|x86.Build.0 = Debug|Win32
		{C790728E-70C8-495B-9234-78BA1A37060A}.Release|x64.ActiveCfg = Release|x64
		{C790728E-70C8-495B-9234-78BA1A37060A}.Release|x64.Build.0 = Release|x64
		{C790728E-70C8-495B-9234-78BA1A37060A}.Release|x86.ActiveCfg = Release|Win32
		{C790728E-70C8-495B-9234-78BA1A37060A}.Release|x86.Build.0 = Release|Win32
		{E9E5BEE0-9753-4424-91C9-074D1D145B6B}.Debug|x64.ActiveCfg = Debug|x64
		{E9E5BEE0-9753-4424-91C9-074D1D145B6B}.Debug|x64.Build.0 = Debug|x64
		{E9E5BEE0-9753-4424-91C9-074D1D145B6B}.Debug|x86.ActiveCfg = Debug|Win32
		{E9E5BEE0-9753-4424-91C9-074D1D145B6B}.Debug|x86.Build.0 = Debug|Win32
		{E9E5BEE0-9753-4424-91C9-074D1D145B6B}.Release|x64.ActiveCfg = Release|x64
		{E9E5BEE0-9753-4424-91C9-074D1D145B6B}.Release|x64.Build.0 = Release|x64
		{E9E5BEE0-9753-4424-91C9-074D1D145B6B}.Release|x86.ActiveCfg = Release|Win32
		{E9E5BEE0-9753-4424-91C9-074D1D145B6B}.Release|x86.Build.0 = Release|Win32
	EndGlobalSection
	GlobalSection(SolutionProperties) = preSolution
		HideSolutionNode = FALSE
	EndGlobalSection
	GlobalSection(ExtensibilityGlobals) = postSolution
		SolutionGuid = {BC1EFC8A-EBF3-4736-B0D5-F0EF177F6303}
	EndGlobalSection
EndGlobal
